
Microsoft Visual Studio Solution File, Format Version 12.00
# Visual Studio 15
VisualStudioVersion = 15.0.28307.421
MinimumVisualStudioVersion = 10.0.40219.1
Project("{9A19103F-16F7-4668-BE54-9A1E7A4F7556}") = "GatewayAPI", "GatewayAPI\GatewayAPI.csproj", "{7550E982-7CD3-463F-B7CE-1E1AE7CA4971}"
EndProject
Project("{9A19103F-16F7-4668-BE54-9A1E7A4F7556}") = "Domain", "Domain\Domain.csproj", "{1BD48168-AAB2-48B9-8D2B-93C0DBACA491}"
EndProject
Project("{2150E333-8FDC-42A3-9474-1A3956D46DE8}") = "Tests", "Tests", "{655C6142-4E95-4C53-836A-DF45AC35373E}"
EndProject
Project("{FAE04EC0-301F-11D3-BF4B-00C04F79EFBC}") = "IntegrationTests", "IntegrationTests\IntegrationTests.csproj", "{549CE23D-305A-4DD3-AFDA-BAC9C0263855}"
EndProject
Project("{FAE04EC0-301F-11D3-BF4B-00C04F79EFBC}") = "TestObjects", "TestObjects\TestObjects.csproj", "{428E0D92-42A2-4B24-BEBB-A4599B252798}"
EndProject
Project("{FAE04EC0-301F-11D3-BF4B-00C04F79EFBC}") = "Repositories", "Repositories\Repositories.csproj", "{BB714659-F1D6-4050-8F13-69A211D0AEAA}"
EndProject
Project("{2150E333-8FDC-42A3-9474-1A3956D46DE8}") = "Integrations", "Integrations", "{845853D5-DDC0-4B5B-A145-50D7A831E5B7}"
EndProject
Project("{FAE04EC0-301F-11D3-BF4B-00C04F79EFBC}") = "ExternalPythonService", "ExternalPythonService\ExternalPythonService.csproj", "{F3A3A147-3CE6-4926-96E1-29E5C171950D}"
EndProject
Project("{FAE04EC0-301F-11D3-BF4B-00C04F79EFBC}") = "iNomNomMenService", "iNomNomMenService\iNomNomMenService.csproj", "{0AB6CC6B-1813-4EAB-BBAD-275549DE5034}"
EndProject
Project("{FAE04EC0-301F-11D3-BF4B-00C04F79EFBC}") = "Infrastructure", "Infrastructure\Infrastructure.csproj", "{D4FE46D1-1B01-4CE7-B790-5006CE8AD233}"
EndProject
Global
	GlobalSection(SolutionConfigurationPlatforms) = preSolution
		Debug|Any CPU = Debug|Any CPU
		Release|Any CPU = Release|Any CPU
	EndGlobalSection
	GlobalSection(ProjectConfigurationPlatforms) = postSolution
		{7550E982-7CD3-463F-B7CE-1E1AE7CA4971}.Debug|Any CPU.ActiveCfg = Debug|Any CPU
		{7550E982-7CD3-463F-B7CE-1E1AE7CA4971}.Debug|Any CPU.Build.0 = Debug|Any CPU
		{7550E982-7CD3-463F-B7CE-1E1AE7CA4971}.Release|Any CPU.ActiveCfg = Release|Any CPU
		{7550E982-7CD3-463F-B7CE-1E1AE7CA4971}.Release|Any CPU.Build.0 = Release|Any CPU
		{1BD48168-AAB2-48B9-8D2B-93C0DBACA491}.Debug|Any CPU.ActiveCfg = Debug|Any CPU
		{1BD48168-AAB2-48B9-8D2B-93C0DBACA491}.Debug|Any CPU.Build.0 = Debug|Any CPU
		{1BD48168-AAB2-48B9-8D2B-93C0DBACA491}.Release|Any CPU.ActiveCfg = Release|Any CPU
		{1BD48168-AAB2-48B9-8D2B-93C0DBACA491}.Release|Any CPU.Build.0 = Release|Any CPU
		{549CE23D-305A-4DD3-AFDA-BAC9C0263855}.Debug|Any CPU.ActiveCfg = Debug|Any CPU
		{549CE23D-305A-4DD3-AFDA-BAC9C0263855}.Debug|Any CPU.Build.0 = Debug|Any CPU
		{549CE23D-305A-4DD3-AFDA-BAC9C0263855}.Release|Any CPU.ActiveCfg = Release|Any CPU
		{549CE23D-305A-4DD3-AFDA-BAC9C0263855}.Release|Any CPU.Build.0 = Release|Any CPU
		{428E0D92-42A2-4B24-BEBB-A4599B252798}.Debug|Any CPU.ActiveCfg = Debug|Any CPU
		{428E0D92-42A2-4B24-BEBB-A4599B252798}.Debug|Any CPU.Build.0 = Debug|Any CPU
		{428E0D92-42A2-4B24-BEBB-A4599B252798}.Release|Any CPU.ActiveCfg = Release|Any CPU
		{428E0D92-42A2-4B24-BEBB-A4599B252798}.Release|Any CPU.Build.0 = Release|Any CPU
		{BB714659-F1D6-4050-8F13-69A211D0AEAA}.Debug|Any CPU.ActiveCfg = Debug|Any CPU
		{BB714659-F1D6-4050-8F13-69A211D0AEAA}.Debug|Any CPU.Build.0 = Debug|Any CPU
		{BB714659-F1D6-4050-8F13-69A211D0AEAA}.Release|Any CPU.ActiveCfg = Release|Any CPU
		{BB714659-F1D6-4050-8F13-69A211D0AEAA}.Release|Any CPU.Build.0 = Release|Any CPU
		{F3A3A147-3CE6-4926-96E1-29E5C171950D}.Debug|Any CPU.ActiveCfg = Debug|Any CPU
		{F3A3A147-3CE6-4926-96E1-29E5C171950D}.Debug|Any CPU.Build.0 = Debug|Any CPU
		{F3A3A147-3CE6-4926-96E1-29E5C171950D}.Release|Any CPU.ActiveCfg = Release|Any CPU
		{F3A3A147-3CE6-4926-96E1-29E5C171950D}.Release|Any CPU.Build.0 = Release|Any CPU
		{0AB6CC6B-1813-4EAB-BBAD-275549DE5034}.Debug|Any CPU.ActiveCfg = Debug|Any CPU
		{0AB6CC6B-1813-4EAB-BBAD-275549DE5034}.Debug|Any CPU.Build.0 = Debug|Any CPU
		{0AB6CC6B-1813-4EAB-BBAD-275549DE5034}.Release|Any CPU.ActiveCfg = Release|Any CPU
		{0AB6CC6B-1813-4EAB-BBAD-275549DE5034}.Release|Any CPU.Build.0 = Release|Any CPU
		{D4FE46D1-1B01-4CE7-B790-5006CE8AD233}.Debug|Any CPU.ActiveCfg = Debug|Any CPU
		{D4FE46D1-1B01-4CE7-B790-5006CE8AD233}.Debug|Any CPU.Build.0 = Debug|Any CPU
		{D4FE46D1-1B01-4CE7-B790-5006CE8AD233}.Release|Any CPU.ActiveCfg = Release|Any CPU
		{D4FE46D1-1B01-4CE7-B790-5006CE8AD233}.Release|Any CPU.Build.0 = Release|Any CPU
	EndGlobalSection
	GlobalSection(SolutionProperties) = preSolution
		HideSolutionNode = FALSE
	EndGlobalSection
	GlobalSection(NestedProjects) = preSolution
		{549CE23D-305A-4DD3-AFDA-BAC9C0263855} = {655C6142-4E95-4C53-836A-DF45AC35373E}
		{428E0D92-42A2-4B24-BEBB-A4599B252798} = {655C6142-4E95-4C53-836A-DF45AC35373E}
		{F3A3A147-3CE6-4926-96E1-29E5C171950D} = {845853D5-DDC0-4B5B-A145-50D7A831E5B7}
		{0AB6CC6B-1813-4EAB-BBAD-275549DE5034} = {845853D5-DDC0-4B5B-A145-50D7A831E5B7}
		{D4FE46D1-1B01-4CE7-B790-5006CE8AD233} = {845853D5-DDC0-4B5B-A145-50D7A831E5B7}
	EndGlobalSection
	GlobalSection(ExtensibilityGlobals) = postSolution
		SolutionGuid = {E686DAE1-94A8-4075-A8FD-9566B98515CA}
	EndGlobalSection
EndGlobal
